
Microsoft Visual Studio Solution File, Format Version 12.00
# Visual Studio Version 17
VisualStudioVersion = 17.10.35013.160
MinimumVisualStudioVersion = 10.0.40219.1
Project("{FAE04EC0-301F-11D3-BF4B-00C04F79EFBC}") = "ChessMAUI", "ChessMAUI\ChessMAUI.csproj", "{6D9B420E-286E-40BE-8257-B5743079BCE1}"
EndProject
Project("{FAE04EC0-301F-11D3-BF4B-00C04F79EFBC}") = "ChessConsoleApp", "ChessConsoleApp\ChessConsoleApp.csproj", "{3EAB3747-39B2-4C8A-9AF5-A53593B97F3B}"
EndProject
Project("{FAE04EC0-301F-11D3-BF4B-00C04F79EFBC}") = "ClassLibrary", "ClassLibrary\ClassLibrary.csproj", "{A17BFBC8-B18E-4923-B265-AD28B42B98B2}"
EndProject
Global
	GlobalSection(SolutionConfigurationPlatforms) = preSolution
		Debug|Any CPU = Debug|Any CPU
		Release|Any CPU = Release|Any CPU
	EndGlobalSection
	GlobalSection(ProjectConfigurationPlatforms) = postSolution
		{6D9B420E-286E-40BE-8257-B5743079BCE1}.Debug|Any CPU.ActiveCfg = Debug|Any CPU
		{6D9B420E-286E-40BE-8257-B5743079BCE1}.Debug|Any CPU.Build.0 = Debug|Any CPU
		{6D9B420E-286E-40BE-8257-B5743079BCE1}.Debug|Any CPU.Deploy.0 = Debug|Any CPU
		{6D9B420E-286E-40BE-8257-B5743079BCE1}.Release|Any CPU.ActiveCfg = Release|Any CPU
		{6D9B420E-286E-40BE-8257-B5743079BCE1}.Release|Any CPU.Build.0 = Release|Any CPU
		{6D9B420E-286E-40BE-8257-B5743079BCE1}.Release|Any CPU.Deploy.0 = Release|Any CPU
		{3EAB3747-39B2-4C8A-9AF5-A53593B97F3B}.Debug|Any CPU.ActiveCfg = Debug|Any CPU
		{3EAB3747-39B2-4C8A-9AF5-A53593B97F3B}.Debug|Any CPU.Build.0 = Debug|Any CPU
		{3EAB3747-39B2-4C8A-9AF5-A53593B97F3B}.Release|Any CPU.ActiveCfg = Release|Any CPU
		{3EAB3747-39B2-4C8A-9AF5-A53593B97F3B}.Release|Any CPU.Build.0 = Release|Any CPU
		{A17BFBC8-B18E-4923-B265-AD28B42B98B2}.Debug|Any CPU.ActiveCfg = Debug|Any CPU
		{A17BFBC8-B18E-4923-B265-AD28B42B98B2}.Debug|Any CPU.Build.0 = Debug|Any CPU
		{A17BFBC8-B18E-4923-B265-AD28B42B98B2}.Release|Any CPU.ActiveCfg = Release|Any CPU
		{A17BFBC8-B18E-4923-B265-AD28B42B98B2}.Release|Any CPU.Build.0 = Release|Any CPU
	EndGlobalSection
	GlobalSection(SolutionProperties) = preSolution
		HideSolutionNode = FALSE
	EndGlobalSection
	GlobalSection(ExtensibilityGlobals) = postSolution
		SolutionGuid = {CC542FE9-4D1C-4E1A-9899-959A2300708E}
	EndGlobalSection
EndGlobal
